
Microsoft Visual Studio Solution File, Format Version 12.00
# Visual Studio Version 17
VisualStudioVersion = 17.1.32421.90
MinimumVisualStudioVersion = 10.0.40219.1
Project("{FAE04EC0-301F-11D3-BF4B-00C04F79EFBC}") = "Project.Android", "Project\Project.Android\Project.Android.csproj", "{F29E350E-2DDD-4B88-B917-8FE6CADE7436}"
EndProject
Project("{FAE04EC0-301F-11D3-BF4B-00C04F79EFBC}") = "Project", "Project\Project\Project.csproj", "{2E727007-E709-48AC-903D-2193CE59B01E}"
EndProject
Global
	GlobalSection(SolutionConfigurationPlatforms) = preSolution
		Debug|Any CPU = Debug|Any CPU
		Release|Any CPU = Release|Any CPU
	EndGlobalSection
	GlobalSection(ProjectConfigurationPlatforms) = postSolution
		{F29E350E-2DDD-4B88-B917-8FE6CADE7436}.Debug|Any CPU.ActiveCfg = Debug|Any CPU
		{F29E350E-2DDD-4B88-B917-8FE6CADE7436}.Debug|Any CPU.Build.0 = Debug|Any CPU
		{F29E350E-2DDD-4B88-B917-8FE6CADE7436}.Debug|Any CPU.Deploy.0 = Debug|Any CPU
		{F29E350E-2DDD-4B88-B917-8FE6CADE7436}.Release|Any CPU.ActiveCfg = Release|Any CPU
		{F29E350E-2DDD-4B88-B917-8FE6CADE7436}.Release|Any CPU.Build.0 = Release|Any CPU
		{F29E350E-2DDD-4B88-B917-8FE6CADE7436}.Release|Any CPU.Deploy.0 = Release|Any CPU
		{2E727007-E709-48AC-903D-2193CE59B01E}.Debug|Any CPU.ActiveCfg = Debug|Any CPU
		{2E727007-E709-48AC-903D-2193CE59B01E}.Debug|Any CPU.Build.0 = Debug|Any CPU
		{2E727007-E709-48AC-903D-2193CE59B01E}.Debug|Any CPU.Deploy.0 = Debug|Any CPU
		{2E727007-E709-48AC-903D-2193CE59B01E}.Release|Any CPU.ActiveCfg = Release|Any CPU
		{2E727007-E709-48AC-903D-2193CE59B01E}.Release|Any CPU.Build.0 = Release|Any CPU
		{2E727007-E709-48AC-903D-2193CE59B01E}.Release|Any CPU.Deploy.0 = Release|Any CPU
	EndGlobalSection
	GlobalSection(SolutionProperties) = preSolution
		HideSolutionNode = FALSE
	EndGlobalSection
	GlobalSection(ExtensibilityGlobals) = postSolution
		SolutionGuid = {B55FB1A2-DE5E-4C68-9EEB-4FB839BD1792}
	EndGlobalSection
EndGlobal
